// !$*UTF8*$!
{
	archiveVersion = 1;
	classes = {
	};
	objectVersion = 56;
	objects = {

/* Begin PBXBuildFile section */
		938B702D2BDED46B00BFF3FD /* LocationTour.swift in Sources */ = {isa = PBXBuildFile; fileRef = 938B702C2BDED46B00BFF3FD /* LocationTour.swift */; };
		938B702F2BDED46B00BFF3FD /* ContentView.swift in Sources */ = {isa = PBXBuildFile; fileRef = 938B702E2BDED46B00BFF3FD /* ContentView.swift */; };
		938B703D2BDED54800BFF3FD /* Assets.xcassets in Resources */ = {isa = PBXBuildFile; fileRef = 938B703C2BDED54800BFF3FD /* Assets.xcassets */; };
		938B703F2BDED55700BFF3FD /* LocationsDataService.swift in Sources */ = {isa = PBXBuildFile; fileRef = 938B703E2BDED55700BFF3FD /* LocationsDataService.swift */; };
		938B70442BDED6B200BFF3FD /* Location.swift in Sources */ = {isa = PBXBuildFile; fileRef = 938B70432BDED6B200BFF3FD /* Location.swift */; };
		938B70492BDED82000BFF3FD /* Preview Assets.xcassets in Resources */ = {isa = PBXBuildFile; fileRef = 938B70472BDED82000BFF3FD /* Preview Assets.xcassets */; };
		938B704B2BDED94E00BFF3FD /* LocationsView.swift in Sources */ = {isa = PBXBuildFile; fileRef = 938B704A2BDED94E00BFF3FD /* LocationsView.swift */; };
		938B704D2BDEDBBE00BFF3FD /* LocationsViewModel.swift in Sources */ = {isa = PBXBuildFile; fileRef = 938B704C2BDEDBBE00BFF3FD /* LocationsViewModel.swift */; };
		938B704F2BDEE42900BFF3FD /* LocationsListView.swift in Sources */ = {isa = PBXBuildFile; fileRef = 938B704E2BDEE42900BFF3FD /* LocationsListView.swift */; };
		938B70512BDF09D400BFF3FD /* LocationPreviewView.swift in Sources */ = {isa = PBXBuildFile; fileRef = 938B70502BDF09D400BFF3FD /* LocationPreviewView.swift */; };
		938B70532BDF1B1C00BFF3FD /* LocationMapAnnotationView.swift in Sources */ = {isa = PBXBuildFile; fileRef = 938B70522BDF1B1C00BFF3FD /* LocationMapAnnotationView.swift */; };
		938B70552BDF202400BFF3FD /* LocationDetailView.swift in Sources */ = {isa = PBXBuildFile; fileRef = 938B70542BDF202400BFF3FD /* LocationDetailView.swift */; };
/* End PBXBuildFile section */

/* Begin PBXFileReference section */
		938B70292BDED46B00BFF3FD /* LocationTour.app */ = {isa = PBXFileReference; explicitFileType = wrapper.application; includeInIndex = 0; path = LocationTour.app; sourceTree = BUILT_PRODUCTS_DIR; };
		938B702C2BDED46B00BFF3FD /* LocationTour.swift */ = {isa = PBXFileReference; lastKnownFileType = sourcecode.swift; path = LocationTour.swift; sourceTree = "<group>"; };
		938B702E2BDED46B00BFF3FD /* ContentView.swift */ = {isa = PBXFileReference; lastKnownFileType = sourcecode.swift; path = ContentView.swift; sourceTree = "<group>"; };
		938B703C2BDED54800BFF3FD /* Assets.xcassets */ = {isa = PBXFileReference; lastKnownFileType = folder.assetcatalog; path = Assets.xcassets; sourceTree = "<group>"; };
		938B703E2BDED55700BFF3FD /* LocationsDataService.swift */ = {isa = PBXFileReference; fileEncoding = 4; lastKnownFileType = sourcecode.swift; path = LocationsDataService.swift; sourceTree = "<group>"; };
		938B70432BDED6B200BFF3FD /* Location.swift */ = {isa = PBXFileReference; lastKnownFileType = sourcecode.swift; path = Location.swift; sourceTree = "<group>"; };
		938B70472BDED82000BFF3FD /* Preview Assets.xcassets */ = {isa = PBXFileReference; lastKnownFileType = folder.assetcatalog; path = "Preview Assets.xcassets"; sourceTree = "<group>"; };
		938B704A2BDED94E00BFF3FD /* LocationsView.swift */ = {isa = PBXFileReference; lastKnownFileType = sourcecode.swift; path = LocationsView.swift; sourceTree = "<group>"; };
		938B704C2BDEDBBE00BFF3FD /* LocationsViewModel.swift */ = {isa = PBXFileReference; lastKnownFileType = sourcecode.swift; path = LocationsViewModel.swift; sourceTree = "<group>"; };
		938B704E2BDEE42900BFF3FD /* LocationsListView.swift */ = {isa = PBXFileReference; lastKnownFileType = sourcecode.swift; path = LocationsListView.swift; sourceTree = "<group>"; };
		938B70502BDF09D400BFF3FD /* LocationPreviewView.swift */ = {isa = PBXFileReference; lastKnownFileType = sourcecode.swift; path = LocationPreviewView.swift; sourceTree = "<group>"; };
		938B70522BDF1B1C00BFF3FD /* LocationMapAnnotationView.swift */ = {isa = PBXFileReference; lastKnownFileType = sourcecode.swift; path = LocationMapAnnotationView.swift; sourceTree = "<group>"; };
		938B70542BDF202400BFF3FD /* LocationDetailView.swift */ = {isa = PBXFileReference; lastKnownFileType = sourcecode.swift; path = LocationDetailView.swift; sourceTree = "<group>"; };
		938B70562BDF329500BFF3FD /* Info.plist */ = {isa = PBXFileReference; lastKnownFileType = text.plist; path = Info.plist; sourceTree = "<group>"; };
/* End PBXFileReference section */

/* Begin PBXFrameworksBuildPhase section */
		938B70262BDED46B00BFF3FD /* Frameworks */ = {
			isa = PBXFrameworksBuildPhase;
			buildActionMask = 2147483647;
			files = (
			);
			runOnlyForDeploymentPostprocessing = 0;
		};
/* End PBXFrameworksBuildPhase section */

/* Begin PBXGroup section */
		938B70202BDED46B00BFF3FD = {
			isa = PBXGroup;
			children = (
				938B702B2BDED46B00BFF3FD /* LocationTour */,
				938B702A2BDED46B00BFF3FD /* Products */,
			);
			sourceTree = "<group>";
		};
		938B702A2BDED46B00BFF3FD /* Products */ = {
			isa = PBXGroup;
			children = (
				938B70292BDED46B00BFF3FD /* LocationTour.app */,
			);
			name = Products;
			sourceTree = "<group>";
		};
		938B702B2BDED46B00BFF3FD /* LocationTour */ = {
			isa = PBXGroup;
			children = (
				938B70562BDF329500BFF3FD /* Info.plist */,
				938B703C2BDED54800BFF3FD /* Assets.xcassets */,
				938B70482BDED82000BFF3FD /* Preview Content */,
				938B702C2BDED46B00BFF3FD /* LocationTour.swift */,
				938B702E2BDED46B00BFF3FD /* ContentView.swift */,
				938B70452BDED75F00BFF3FD /* DataServices */,
				938B70402BDED67500BFF3FD /* Models */,
				938B70422BDED68A00BFF3FD /* ViewModels */,
				938B70412BDED67F00BFF3FD /* Views */,
			);
			path = LocationTour;
			sourceTree = "<group>";
		};
		938B70402BDED67500BFF3FD /* Models */ = {
			isa = PBXGroup;
			children = (
				938B70432BDED6B200BFF3FD /* Location.swift */,
			);
			path = Models;
			sourceTree = "<group>";
		};
		938B70412BDED67F00BFF3FD /* Views */ = {
			isa = PBXGroup;
			children = (
				938B704A2BDED94E00BFF3FD /* LocationsView.swift */,
				938B704E2BDEE42900BFF3FD /* LocationsListView.swift */,
				938B70502BDF09D400BFF3FD /* LocationPreviewView.swift */,
				938B70522BDF1B1C00BFF3FD /* LocationMapAnnotationView.swift */,
				938B70542BDF202400BFF3FD /* LocationDetailView.swift */,
			);
			path = Views;
			sourceTree = "<group>";
		};
		938B70422BDED68A00BFF3FD /* ViewModels */ = {
			isa = PBXGroup;
			children = (
				938B704C2BDEDBBE00BFF3FD /* LocationsViewModel.swift */,
			);
			path = ViewModels;
			sourceTree = "<group>";
		};
		938B70452BDED75F00BFF3FD /* DataServices */ = {
			isa = PBXGroup;
			children = (
				938B703E2BDED55700BFF3FD /* LocationsDataService.swift */,
			);
			path = DataServices;
			sourceTree = "<group>";
		};
		938B70482BDED82000BFF3FD /* Preview Content */ = {
			isa = PBXGroup;
			children = (
				938B70472BDED82000BFF3FD /* Preview Assets.xcassets */,
			);
			path = "Preview Content";
			sourceTree = "<group>";
		};
/* End PBXGroup section */

/* Begin PBXNativeTarget section */
		938B70282BDED46B00BFF3FD /* LocationTour */ = {
			isa = PBXNativeTarget;
			buildConfigurationList = 938B70372BDED46C00BFF3FD /* Build configuration list for PBXNativeTarget "LocationTour" */;
			buildPhases = (
				938B70252BDED46B00BFF3FD /* Sources */,
				938B70262BDED46B00BFF3FD /* Frameworks */,
				938B70272BDED46B00BFF3FD /* Resources */,
			);
			buildRules = (
			);
			dependencies = (
			);
			name = LocationTour;
			productName = LocationTour;
			productReference = 938B70292BDED46B00BFF3FD /* LocationTour.app */;
			productType = "com.apple.product-type.application";
		};
/* End PBXNativeTarget section */

/* Begin PBXProject section */
		938B70212BDED46B00BFF3FD /* Project object */ = {
			isa = PBXProject;
			attributes = {
				BuildIndependentTargetsInParallel = 1;
				LastSwiftUpdateCheck = 1530;
				LastUpgradeCheck = 1530;
				TargetAttributes = {
					938B70282BDED46B00BFF3FD = {
						CreatedOnToolsVersion = 15.3;
					};
				};
			};
			buildConfigurationList = 938B70242BDED46B00BFF3FD /* Build configuration list for PBXProject "LocationTour" */;
			compatibilityVersion = "Xcode 14.0";
			developmentRegion = en;
			hasScannedForEncodings = 0;
			knownRegions = (
				en,
				Base,
			);
			mainGroup = 938B70202BDED46B00BFF3FD;
			productRefGroup = 938B702A2BDED46B00BFF3FD /* Products */;
			projectDirPath = "";
			projectRoot = "";
			targets = (
				938B70282BDED46B00BFF3FD /* LocationTour */,
			);
		};
/* End PBXProject section */

/* Begin PBXResourcesBuildPhase section */
		938B70272BDED46B00BFF3FD /* Resources */ = {
			isa = PBXResourcesBuildPhase;
			buildActionMask = 2147483647;
			files = (
				938B70492BDED82000BFF3FD /* Preview Assets.xcassets in Resources */,
				938B703D2BDED54800BFF3FD /* Assets.xcassets in Resources */,
			);
			runOnlyForDeploymentPostprocessing = 0;
		};
/* End PBXResourcesBuildPhase section */

/* Begin PBXSourcesBuildPhase section */
		938B70252BDED46B00BFF3FD /* Sources */ = {
			isa = PBXSourcesBuildPhase;
			buildActionMask = 2147483647;
			files = (
				938B702F2BDED46B00BFF3FD /* ContentView.swift in Sources */,
				938B70532BDF1B1C00BFF3FD /* LocationMapAnnotationView.swift in Sources */,
				938B704F2BDEE42900BFF3FD /* LocationsListView.swift in Sources */,
				938B70512BDF09D400BFF3FD /* LocationPreviewView.swift in Sources */,
				938B704D2BDEDBBE00BFF3FD /* LocationsViewModel.swift in Sources */,
				938B702D2BDED46B00BFF3FD /* LocationTour.swift in Sources */,
				938B704B2BDED94E00BFF3FD /* LocationsView.swift in Sources */,
				938B70442BDED6B200BFF3FD /* Location.swift in Sources */,
				938B70552BDF202400BFF3FD /* LocationDetailView.swift in Sources */,
				938B703F2BDED55700BFF3FD /* LocationsDataService.swift in Sources */,
			);
			runOnlyForDeploymentPostprocessing = 0;
		};
/* End PBXSourcesBuildPhase section */

/* Begin XCBuildConfiguration section */
		938B70352BDED46C00BFF3FD /* Debug */ = {
			isa = XCBuildConfiguration;
			buildSettings = {
				ALWAYS_SEARCH_USER_PATHS = NO;
				ASSETCATALOG_COMPILER_GENERATE_SWIFT_ASSET_SYMBOL_EXTENSIONS = YES;
				CLANG_ANALYZER_NONNULL = YES;
				CLANG_ANALYZER_NUMBER_OBJECT_CONVERSION = YES_AGGRESSIVE;
				CLANG_CXX_LANGUAGE_STANDARD = "gnu++20";
				CLANG_ENABLE_MODULES = YES;
				CLANG_ENABLE_OBJC_ARC = YES;
				CLANG_ENABLE_OBJC_WEAK = YES;
				CLANG_WARN_BLOCK_CAPTURE_AUTORELEASING = YES;
				CLANG_WARN_BOOL_CONVERSION = YES;
				CLANG_WARN_COMMA = YES;
				CLANG_WARN_CONSTANT_CONVERSION = YES;
				CLANG_WARN_DEPRECATED_OBJC_IMPLEMENTATIONS = YES;
				CLANG_WARN_DIRECT_OBJC_ISA_USAGE = YES_ERROR;
				CLANG_WARN_DOCUMENTATION_COMMENTS = YES;
				CLANG_WARN_EMPTY_BODY = YES;
				CLANG_WARN_ENUM_CONVERSION = YES;
				CLANG_WARN_INFINITE_RECURSION = YES;
				CLANG_WARN_INT_CONVERSION = YES;
				CLANG_WARN_NON_LITERAL_NULL_CONVERSION = YES;
				CLANG_WARN_OBJC_IMPLICIT_RETAIN_SELF = YES;
				CLANG_WARN_OBJC_LITERAL_CONVERSION = YES;
				CLANG_WARN_OBJC_ROOT_CLASS = YES_ERROR;
				CLANG_WARN_QUOTED_INCLUDE_IN_FRAMEWORK_HEADER = YES;
				CLANG_WARN_RANGE_LOOP_ANALYSIS = YES;
				CLANG_WARN_STRICT_PROTOTYPES = YES;
				CLANG_WARN_SUSPICIOUS_MOVE = YES;
				CLANG_WARN_UNGUARDED_AVAILABILITY = YES_AGGRESSIVE;
				CLANG_WARN_UNREACHABLE_CODE = YES;
				CLANG_WARN__DUPLICATE_METHOD_MATCH = YES;
				COPY_PHASE_STRIP = NO;
				DEBUG_INFORMATION_FORMAT = dwarf;
				ENABLE_STRICT_OBJC_MSGSEND = YES;
				ENABLE_TESTABILITY = YES;
				ENABLE_USER_SCRIPT_SANDBOXING = YES;
				GCC_C_LANGUAGE_STANDARD = gnu17;
				GCC_DYNAMIC_NO_PIC = NO;
				GCC_NO_COMMON_BLOCKS = YES;
				GCC_OPTIMIZATION_LEVEL = 0;
				GCC_PREPROCESSOR_DEFINITIONS = (
					"DEBUG=1",
					"$(inherited)",
				);
				GCC_WARN_64_TO_32_BIT_CONVERSION = YES;
				GCC_WARN_ABOUT_RETURN_TYPE = YES_ERROR;
				GCC_WARN_UNDECLARED_SELECTOR = YES;
				GCC_WARN_UNINITIALIZED_AUTOS = YES_AGGRESSIVE;
				GCC_WARN_UNUSED_FUNCTION = YES;
				GCC_WARN_UNUSED_VARIABLE = YES;
				IPHONEOS_DEPLOYMENT_TARGET = 17.4;
				LOCALIZATION_PREFERS_STRING_CATALOGS = YES;
				MTL_ENABLE_DEBUG_INFO = INCLUDE_SOURCE;
				MTL_FAST_MATH = YES;
				ONLY_ACTIVE_ARCH = YES;
				SDKROOT = iphoneos;
				SWIFT_ACTIVE_COMPILATION_CONDITIONS = "DEBUG $(inherited)";
				SWIFT_OPTIMIZATION_LEVEL = "-Onone";
			};
			name = Debug;
		};
		938B70362BDED46C00BFF3FD /* Release */ = {
			isa = XCBuildConfiguration;
			buildSettings = {
				ALWAYS_SEARCH_USER_PATHS = NO;
				ASSETCATALOG_COMPILER_GENERATE_SWIFT_ASSET_SYMBOL_EXTENSIONS = YES;
				CLANG_ANALYZER_NONNULL = YES;
				CLANG_ANALYZER_NUMBER_OBJECT_CONVERSION = YES_AGGRESSIVE;
				CLANG_CXX_LANGUAGE_STANDARD = "gnu++20";
				CLANG_ENABLE_MODULES = YES;
				CLANG_ENABLE_OBJC_ARC = YES;
				CLANG_ENABLE_OBJC_WEAK = YES;
				CLANG_WARN_BLOCK_CAPTURE_AUTORELEASING = YES;
				CLANG_WARN_BOOL_CONVERSION = YES;
				CLANG_WARN_COMMA = YES;
				CLANG_WARN_CONSTANT_CONVERSION = YES;
				CLANG_WARN_DEPRECATED_OBJC_IMPLEMENTATIONS = YES;
				CLANG_WARN_DIRECT_OBJC_ISA_USAGE = YES_ERROR;
				CLANG_WARN_DOCUMENTATION_COMMENTS = YES;
				CLANG_WARN_EMPTY_BODY = YES;
				CLANG_WARN_ENUM_CONVERSION = YES;
				CLANG_WARN_INFINITE_RECURSION = YES;
				CLANG_WARN_INT_CONVERSION = YES;
				CLANG_WARN_NON_LITERAL_NULL_CONVERSION = YES;
				CLANG_WARN_OBJC_IMPLICIT_RETAIN_SELF = YES;
				CLANG_WARN_OBJC_LITERAL_CONVERSION = YES;
				CLANG_WARN_OBJC_ROOT_CLASS = YES_ERROR;
				CLANG_WARN_QUOTED_INCLUDE_IN_FRAMEWORK_HEADER = YES;
				CLANG_WARN_RANGE_LOOP_ANALYSIS = YES;
				CLANG_WARN_STRICT_PROTOTYPES = YES;
				CLANG_WARN_SUSPICIOUS_MOVE = YES;
				CLANG_WARN_UNGUARDED_AVAILABILITY = YES_AGGRESSIVE;
				CLANG_WARN_UNREACHABLE_CODE = YES;
				CLANG_WARN__DUPLICATE_METHOD_MATCH = YES;
				COPY_PHASE_STRIP = NO;
				DEBUG_INFORMATION_FORMAT = "dwarf-with-dsym";
				ENABLE_NS_ASSERTIONS = NO;
				ENABLE_STRICT_OBJC_MSGSEND = YES;
				ENABLE_USER_SCRIPT_SANDBOXING = YES;
				GCC_C_LANGUAGE_STANDARD = gnu17;
				GCC_NO_COMMON_BLOCKS = YES;
				GCC_WARN_64_TO_32_BIT_CONVERSION = YES;
				GCC_WARN_ABOUT_RETURN_TYPE = YES_ERROR;
				GCC_WARN_UNDECLARED_SELECTOR = YES;
				GCC_WARN_UNINITIALIZED_AUTOS = YES_AGGRESSIVE;
				GCC_WARN_UNUSED_FUNCTION = YES;
				GCC_WARN_UNUSED_VARIABLE = YES;
				IPHONEOS_DEPLOYMENT_TARGET = 17.4;
				LOCALIZATION_PREFERS_STRING_CATALOGS = YES;
				MTL_ENABLE_DEBUG_INFO = NO;
				MTL_FAST_MATH = YES;
				SDKROOT = iphoneos;
				SWIFT_COMPILATION_MODE = wholemodule;
				VALIDATE_PRODUCT = YES;
			};
			name = Release;
		};
		938B70382BDED46C00BFF3FD /* Debug */ = {
			isa = XCBuildConfiguration;
			buildSettings = {
				ASSETCATALOG_COMPILER_APPICON_NAME = AppIcon;
				ASSETCATALOG_COMPILER_GLOBAL_ACCENT_COLOR_NAME = AccentColor;
				ASSETCATALOG_COMPILER_INCLUDE_ALL_APPICON_ASSETS = NO;
				CODE_SIGN_STYLE = Automatic;
				CURRENT_PROJECT_VERSION = 1;
				DEVELOPMENT_ASSET_PATHS = "\"LocationTour/Preview Content\"";
				DEVELOPMENT_TEAM = P849M354UU;
				ENABLE_PREVIEWS = YES;
				GENERATE_INFOPLIST_FILE = YES;
				INFOPLIST_FILE = LocationTour/Info.plist;
				INFOPLIST_KEY_CFBundleDisplayName = "Location Tour";
				INFOPLIST_KEY_UIApplicationSceneManifest_Generation = YES;
				INFOPLIST_KEY_UIApplicationSupportsIndirectInputEvents = YES;
				INFOPLIST_KEY_UILaunchStoryboardName = "";
				INFOPLIST_KEY_UIStatusBarStyle = "";
				INFOPLIST_KEY_UISupportedInterfaceOrientations = UIInterfaceOrientationPortrait;
				INFOPLIST_KEY_UISupportedInterfaceOrientations_iPad = "UIInterfaceOrientationLandscapeLeft UIInterfaceOrientationLandscapeRight UIInterfaceOrientationPortrait UIInterfaceOrientationPortraitUpsideDown";
				LD_RUNPATH_SEARCH_PATHS = (
					"$(inherited)",
					"@executable_path/Frameworks",
				);
				MARKETING_VERSION = 1.0;
				PRODUCT_BUNDLE_IDENTIFIER = com.brandonsams.LocationTour;
				PRODUCT_NAME = "$(TARGET_NAME)";
				SWIFT_EMIT_LOC_STRINGS = YES;
				SWIFT_VERSION = 5.0;
				TARGETED_DEVICE_FAMILY = "1,2";
			};
			name = Debug;
		};
		938B70392BDED46C00BFF3FD /* Release */ = {
			isa = XCBuildConfiguration;
			buildSettings = {
				ASSETCATALOG_COMPILER_APPICON_NAME = AppIcon;
				ASSETCATALOG_COMPILER_GLOBAL_ACCENT_COLOR_NAME = AccentColor;
				ASSETCATALOG_COMPILER_INCLUDE_ALL_APPICON_ASSETS = NO;
				CODE_SIGN_STYLE = Automatic;
				CURRENT_PROJECT_VERSION = 1;
				DEVELOPMENT_ASSET_PATHS = "\"LocationTour/Preview Content\"";
				DEVELOPMENT_TEAM = P849M354UU;
				ENABLE_PREVIEWS = YES;
				GENERATE_INFOPLIST_FILE = YES;
				INFOPLIST_FILE = LocationTour/Info.plist;
				INFOPLIST_KEY_CFBundleDisplayName = "Location Tour";
				INFOPLIST_KEY_UIApplicationSceneManifest_Generation = YES;
				INFOPLIST_KEY_UIApplicationSupportsIndirectInputEvents = YES;
				INFOPLIST_KEY_UILaunchStoryboardName = "";
				INFOPLIST_KEY_UIStatusBarStyle = "";
				INFOPLIST_KEY_UISupportedInterfaceOrientations = UIInterfaceOrientationPortrait;
				INFOPLIST_KEY_UISupportedInterfaceOrientations_iPad = "UIInterfaceOrientationLandscapeLeft UIInterfaceOrientationLandscapeRight UIInterfaceOrientationPortrait UIInterfaceOrientationPortraitUpsideDown";
				LD_RUNPATH_SEARCH_PATHS = (
					"$(inherited)",
					"@executable_path/Frameworks",
				);
				MARKETING_VERSION = 1.0;
				PRODUCT_BUNDLE_IDENTIFIER = com.brandonsams.LocationTour;
				PRODUCT_NAME = "$(TARGET_NAME)";
				SWIFT_EMIT_LOC_STRINGS = YES;
				SWIFT_VERSION = 5.0;
				TARGETED_DEVICE_FAMILY = "1,2";
			};
			name = Release;
		};
/* End XCBuildConfiguration section */

/* Begin XCConfigurationList section */
		938B70242BDED46B00BFF3FD /* Build configuration list for PBXProject "LocationTour" */ = {
			isa = XCConfigurationList;
			buildConfigurations = (
				938B70352BDED46C00BFF3FD /* Debug */,
				938B70362BDED46C00BFF3FD /* Release */,
			);
			defaultConfigurationIsVisible = 0;
			defaultConfigurationName = Release;
		};
		938B70372BDED46C00BFF3FD /* Build configuration list for PBXNativeTarget "LocationTour" */ = {
			isa = XCConfigurationList;
			buildConfigurations = (
				938B70382BDED46C00BFF3FD /* Debug */,
				938B70392BDED46C00BFF3FD /* Release */,
			);
			defaultConfigurationIsVisible = 0;
			defaultConfigurationName = Release;
		};
/* End XCConfigurationList section */
	};
	rootObject = 938B70212BDED46B00BFF3FD /* Project object */;
}
